
Microsoft Visual Studio Solution File, Format Version 12.00
# Visual Studio Version 16
VisualStudioVersion = 16.0.34601.136
MinimumVisualStudioVersion = 10.0.40219.1
Project("{8BC9CEB8-8B4A-11D0-8D11-00A0C91BC942}") = "MFC_Report1", "MFC_Report1.vcxproj", "{3D8B8B73-CA93-4B57-A499-33CF11D94964}"
EndProject
Global
	GlobalSection(SolutionConfigurationPlatforms) = preSolution
		Debug|x64 = Debug|x64
		Debug|x86 = Debug|x86
		Release|x64 = Release|x64
		Release|x86 = Release|x86
	EndGlobalSection
	GlobalSection(ProjectConfigurationPlatforms) = postSolution
		{3D8B8B73-CA93-4B57-A499-33CF11D94964}.Debug|x64.ActiveCfg = Debug|x64
		{3D8B8B73-CA93-4B57-A499-33CF11D94964}.Debug|x64.Build.0 = Debug|x64
		{3D8B8B73-CA93-4B57-A499-33CF11D94964}.Debug|x86.ActiveCfg = Debug|Win32
		{3D8B8B73-CA93-4B57-A499-33CF11D94964}.Debug|x86.Build.0 = Debug|Win32
		{3D8B8B73-CA93-4B57-A499-33CF11D94964}.Release|x64.ActiveCfg = Release|x64
		{3D8B8B73-CA93-4B57-A499-33CF11D94964}.Release|x64.Build.0 = Release|x64
		{3D8B8B73-CA93-4B57-A499-33CF11D94964}.Release|x86.ActiveCfg = Release|Win32
		{3D8B8B73-CA93-4B57-A499-33CF11D94964}.Release|x86.Build.0 = Release|Win32
	EndGlobalSection
	GlobalSection(SolutionProperties) = preSolution
		HideSolutionNode = FALSE
	EndGlobalSection
	GlobalSection(ExtensibilityGlobals) = postSolution
		SolutionGuid = {BD7E53B3-C391-4436-B839-BBC215D4AF6D}
	EndGlobalSection
EndGlobal
