<?xml version="1.0" encoding="utf-8"?>
<Project ToolsVersion="4.0" xmlns="http://schemas.microsoft.com/developer/msbuild/2003">
  <ItemGroup>
    <Filter Include="소스 파일">
      <UniqueIdentifier>{4FC737F1-C7A5-4376-A066-2A32D752A2FF}</UniqueIdentifier>
      <Extensions>cpp;c;cc;cxx;c++;cppm;ixx;def;odl;idl;hpj;bat;asm;asmx</Extensions>
    </Filter>
    <Filter Include="헤더 파일">
      <UniqueIdentifier>{93995380-89BD-4b04-88EB-625FBE52EBFB}</UniqueIdentifier>
      <Extensions>h;hh;hpp;hxx;h++;hm;inl;inc;ipp;xsd</Extensions>
    </Filter>
    <Filter Include="리소스 파일">
      <UniqueIdentifier>{67DA6AB6-F800-4c08-8B7A-83BB121AAD01}</UniqueIdentifier>
      <Extensions>rc;ico;cur;bmp;dlg;rc2;rct;bin;rgs;gif;jpg;jpeg;jpe;resx;tiff;tif;png;wav;mfcribbon-ms</Extensions>
    </Filter>
    <Filter Include="Util">
      <UniqueIdentifier>{58e76f6a-a8e7-4fd9-8f66-bd7a80da1c4e}</UniqueIdentifier>
    </Filter>
    <Filter Include="Include">
      <UniqueIdentifier>{592e23aa-7203-43b5-b8d1-ac1178e62473}</UniqueIdentifier>
    </Filter>
    <Filter Include="Display">
      <UniqueIdentifier>{d830c0ee-4e15-4a0e-8a77-5fdd235f5de5}</UniqueIdentifier>
    </Filter>
  </ItemGroup>
  <ItemGroup>
    <ClInclude Include="Report2.h">
      <Filter>헤더 파일</Filter>
    </ClInclude>
    <ClInclude Include="Report2Dlg.h">
      <Filter>헤더 파일</Filter>
    </ClInclude>
    <ClInclude Include="framework.h">
      <Filter>헤더 파일</Filter>
    </ClInclude>
    <ClInclude Include="targetver.h">
      <Filter>헤더 파일</Filter>
    </ClInclude>
    <ClInclude Include="Resource.h">
      <Filter>헤더 파일</Filter>
    </ClInclude>
    <ClInclude Include="pch.h">
      <Filter>헤더 파일</Filter>
    </ClInclude>
    <ClInclude Include="TurboJpg.h">
      <Filter>Util</Filter>
    </ClInclude>
    <ClInclude Include="CommonDefine.h">
      <Filter>Include</Filter>
    </ClInclude>
    <ClInclude Include="EnforceFile.h">
      <Filter>Util</Filter>
    </ClInclude>
    <ClInclude Include="NetProtocolDefine.h">
      <Filter>Include</Filter>
    </ClInclude>
    <ClInclude Include="DisplayStatic.h">
      <Filter>Display</Filter>
    </ClInclude>
    <ClInclude Include="EnforceDisplay.h">
      <Filter>Display</Filter>
    </ClInclude>
  </ItemGroup>
  <ItemGroup>
    <ClCompile Include="Report2.cpp">
      <Filter>소스 파일</Filter>
    </ClCompile>
    <ClCompile Include="Report2Dlg.cpp">
      <Filter>소스 파일</Filter>
    </ClCompile>
    <ClCompile Include="pch.cpp">
      <Filter>소스 파일</Filter>
    </ClCompile>
    <ClCompile Include="TurboJpg.cpp">
      <Filter>Util</Filter>
    </ClCompile>
    <ClCompile Include="EnforceFile.cpp">
      <Filter>Util</Filter>
    </ClCompile>
    <ClCompile Include="DisplayStatic.cpp">
      <Filter>Display</Filter>
    </ClCompile>
    <ClCompile Include="EnforceDisplay.cpp">
      <Filter>Display</Filter>
    </ClCompile>
  </ItemGroup>
  <ItemGroup>
    <ResourceCompile Include="Report2.rc">
      <Filter>리소스 파일</Filter>
    </ResourceCompile>
  </ItemGroup>
  <ItemGroup>
    <None Include="res\Report2.rc2">
      <Filter>리소스 파일</Filter>
    </None>
  </ItemGroup>
  <ItemGroup>
    <Image Include="res\Report2.ico">
      <Filter>리소스 파일</Filter>
    </Image>
  </ItemGroup>
</Project>